
Microsoft Visual Studio Solution File, Format Version 12.00
# Visual Studio Version 17
VisualStudioVersion = 17.13.35818.85 d17.13
MinimumVisualStudioVersion = 10.0.40219.1
Project("{FAE04EC0-301F-11D3-BF4B-00C04F79EFBC}") = "FactoryDesignPattern", "FactoryDesignPattern.csproj", "{EE7DE32A-A33A-450E-AC3F-F5B7CF8D4FCE}"
EndProject
Global
	GlobalSection(SolutionConfigurationPlatforms) = preSolution
		Debug|Any CPU = Debug|Any CPU
		Release|Any CPU = Release|Any CPU
	EndGlobalSection
	GlobalSection(ProjectConfigurationPlatforms) = postSolution
		{EE7DE32A-A33A-450E-AC3F-F5B7CF8D4FCE}.Debug|Any CPU.ActiveCfg = Debug|Any CPU
		{EE7DE32A-A33A-450E-AC3F-F5B7CF8D4FCE}.Debug|Any CPU.Build.0 = Debug|Any CPU
		{EE7DE32A-A33A-450E-AC3F-F5B7CF8D4FCE}.Release|Any CPU.ActiveCfg = Release|Any CPU
		{EE7DE32A-A33A-450E-AC3F-F5B7CF8D4FCE}.Release|Any CPU.Build.0 = Release|Any CPU
	EndGlobalSection
	GlobalSection(SolutionProperties) = preSolution
		HideSolutionNode = FALSE
	EndGlobalSection
	GlobalSection(ExtensibilityGlobals) = postSolution
		SolutionGuid = {E728DB4A-F682-449D-B53A-AD7FFA7002DE}
	EndGlobalSection
EndGlobal
